<Solution>
  <Folder Name="/src/">
    <Project Path="src/Parkeren.Domain/Parkeren.Domain.csproj" />
    <Project Path="src/Parkeren.Application/Parkeren.Application.csproj" />
    <Project Path="src/Parkeren.Infrastructure/Parkeren.Infrastructure.csproj" />
    <Project Path="src/Parkeren.Api/Parkeren.Api.csproj" />
    <Project Path="src/Parkeren.TwoParkMock/Parkeren.TwoParkMock.csproj" />
  </Folder>
  <Folder Name="/tests/">
    <Project Path="tests/Parkeren.Domain.Tests/Parkeren.Domain.Tests.csproj" />
    <Project Path="tests/Parkeren.Application.Tests/Parkeren.Application.Tests.csproj" />
    <Project Path="tests/Parkeren.IntegrationTests/Parkeren.IntegrationTests.csproj" />
  </Folder>
</Solution>
